
Microsoft Visual Studio Solution File, Format Version 12.00
# Visual Studio Version 17
VisualStudioVersion = 17.11.35312.102
MinimumVisualStudioVersion = 10.0.40219.1
Project("{8BC9CEB8-8B4A-11D0-8D11-00A0C91BC942}") = "Problem8", "Problem8.vcxproj", "{6B87BD54-08C3-4B8B-BAB7-99BCBB582632}"
EndProject
Global
	GlobalSection(SolutionConfigurationPlatforms) = preSolution
		Debug|x64 = Debug|x64
		Debug|x86 = Debug|x86
		Release|x64 = Release|x64
		Release|x86 = Release|x86
	EndGlobalSection
	GlobalSection(ProjectConfigurationPlatforms) = postSolution
		{6B87BD54-08C3-4B8B-BAB7-99BCBB582632}.Debug|x64.ActiveCfg = Debug|x64
		{6B87BD54-08C3-4B8B-BAB7-99BCBB582632}.Debug|x64.Build.0 = Debug|x64
		{6B87BD54-08C3-4B8B-BAB7-99BCBB582632}.Debug|x86.ActiveCfg = Debug|Win32
		{6B87BD54-08C3-4B8B-BAB7-99BCBB582632}.Debug|x86.Build.0 = Debug|Win32
		{6B87BD54-08C3-4B8B-BAB7-99BCBB582632}.Release|x64.ActiveCfg = Release|x64
		{6B87BD54-08C3-4B8B-BAB7-99BCBB582632}.Release|x64.Build.0 = Release|x64
		{6B87BD54-08C3-4B8B-BAB7-99BCBB582632}.Release|x86.ActiveCfg = Release|Win32
		{6B87BD54-08C3-4B8B-BAB7-99BCBB582632}.Release|x86.Build.0 = Release|Win32
	EndGlobalSection
	GlobalSection(SolutionProperties) = preSolution
		HideSolutionNode = FALSE
	EndGlobalSection
	GlobalSection(ExtensibilityGlobals) = postSolution
		SolutionGuid = {3028FFD3-A76F-440F-8645-7AB2BD43E684}
	EndGlobalSection
EndGlobal
